// !$*UTF8*$!
{
	archiveVersion = 1;
	classes = {
	};
	objectVersion = 55;
	objects = {

/* Begin PBXBuildFile section */
		D31E43742806F6D600685A47 /* Throwable.swift in Sources */ = {isa = PBXBuildFile; fileRef = D31E43732806F6D600685A47 /* Throwable.swift */; };
		D31E437A2807002800685A47 /* Extensions.swift in Sources */ = {isa = PBXBuildFile; fileRef = D31E43792807002800685A47 /* Extensions.swift */; };
		D31E437D2808075300685A47 /* SearchUsersViewModel.swift in Sources */ = {isa = PBXBuildFile; fileRef = D31E437C2808075300685A47 /* SearchUsersViewModel.swift */; };
		D31E4380280807A100685A47 /* UserDetailViewModel.swift in Sources */ = {isa = PBXBuildFile; fileRef = D31E437F280807A100685A47 /* UserDetailViewModel.swift */; };
		D31E4382280807FD00685A47 /* SearchUsersDataStructures.swift in Sources */ = {isa = PBXBuildFile; fileRef = D31E4381280807FD00685A47 /* SearchUsersDataStructures.swift */; };
		D31E43872808141900685A47 /* UserDetailDataStructures.swift in Sources */ = {isa = PBXBuildFile; fileRef = D31E43862808141900685A47 /* UserDetailDataStructures.swift */; };
		D3237C9A27AA805000A67E20 /* Swifty_CompanionApp.swift in Sources */ = {isa = PBXBuildFile; fileRef = D3237C9927AA805000A67E20 /* Swifty_CompanionApp.swift */; };
		D3237C9C27AA805000A67E20 /* SearchUsersView.swift in Sources */ = {isa = PBXBuildFile; fileRef = D3237C9B27AA805000A67E20 /* SearchUsersView.swift */; };
		D3237C9E27AA805200A67E20 /* Assets.xcassets in Resources */ = {isa = PBXBuildFile; fileRef = D3237C9D27AA805200A67E20 /* Assets.xcassets */; };
		D3237CA127AA805200A67E20 /* Preview Assets.xcassets in Resources */ = {isa = PBXBuildFile; fileRef = D3237CA027AA805200A67E20 /* Preview Assets.xcassets */; };
		D34F7CC027BC3F20004FB8A4 /* Proxima-Soft-Bold.otf in Resources */ = {isa = PBXBuildFile; fileRef = D34F7CBE27BC3F20004FB8A4 /* Proxima-Soft-Bold.otf */; };
		D34F7CC127BC3F20004FB8A4 /* Proxima-Soft-Regular.otf in Resources */ = {isa = PBXBuildFile; fileRef = D34F7CBF27BC3F20004FB8A4 /* Proxima-Soft-Regular.otf */; };
		D3B6D27B27D7F4D000DB0C86 /* NetworkService.swift in Sources */ = {isa = PBXBuildFile; fileRef = D3B6D27A27D7F4D000DB0C86 /* NetworkService.swift */; };
		D3B6D27D27D7F51200DB0C86 /* Styles.swift in Sources */ = {isa = PBXBuildFile; fileRef = D3B6D27C27D7F51200DB0C86 /* Styles.swift */; };
		D3B6D27F27D8BE1B00DB0C86 /* UserDetailView.swift in Sources */ = {isa = PBXBuildFile; fileRef = D3B6D27E27D8BE1B00DB0C86 /* UserDetailView.swift */; };
		D3EA9D632806D92900736C7C /* OAuth2 in Frameworks */ = {isa = PBXBuildFile; productRef = D3EA9D622806D92900736C7C /* OAuth2 */; };
/* End PBXBuildFile section */

/* Begin PBXFileReference section */
		D31E43732806F6D600685A47 /* Throwable.swift */ = {isa = PBXFileReference; lastKnownFileType = sourcecode.swift; path = Throwable.swift; sourceTree = "<group>"; };
		D31E43792807002800685A47 /* Extensions.swift */ = {isa = PBXFileReference; lastKnownFileType = sourcecode.swift; path = Extensions.swift; sourceTree = "<group>"; };
		D31E437C2808075300685A47 /* SearchUsersViewModel.swift */ = {isa = PBXFileReference; lastKnownFileType = sourcecode.swift; path = SearchUsersViewModel.swift; sourceTree = "<group>"; };
		D31E437F280807A100685A47 /* UserDetailViewModel.swift */ = {isa = PBXFileReference; lastKnownFileType = sourcecode.swift; path = UserDetailViewModel.swift; sourceTree = "<group>"; };
		D31E4381280807FD00685A47 /* SearchUsersDataStructures.swift */ = {isa = PBXFileReference; lastKnownFileType = sourcecode.swift; path = SearchUsersDataStructures.swift; sourceTree = "<group>"; };
		D31E43862808141900685A47 /* UserDetailDataStructures.swift */ = {isa = PBXFileReference; lastKnownFileType = sourcecode.swift; path = UserDetailDataStructures.swift; sourceTree = "<group>"; };
		D3237C9627AA805000A67E20 /* Swifty Companion.app */ = {isa = PBXFileReference; explicitFileType = wrapper.application; includeInIndex = 0; path = "Swifty Companion.app"; sourceTree = BUILT_PRODUCTS_DIR; };
		D3237C9927AA805000A67E20 /* Swifty_CompanionApp.swift */ = {isa = PBXFileReference; lastKnownFileType = sourcecode.swift; path = Swifty_CompanionApp.swift; sourceTree = "<group>"; };
		D3237C9B27AA805000A67E20 /* SearchUsersView.swift */ = {isa = PBXFileReference; lastKnownFileType = sourcecode.swift; path = SearchUsersView.swift; sourceTree = "<group>"; };
		D3237C9D27AA805200A67E20 /* Assets.xcassets */ = {isa = PBXFileReference; lastKnownFileType = folder.assetcatalog; path = Assets.xcassets; sourceTree = "<group>"; };
		D3237CA027AA805200A67E20 /* Preview Assets.xcassets */ = {isa = PBXFileReference; lastKnownFileType = folder.assetcatalog; path = "Preview Assets.xcassets"; sourceTree = "<group>"; };
		D3237CA727AA807100A67E20 /* Swifty-Companion-Info.plist */ = {isa = PBXFileReference; lastKnownFileType = text.plist; path = "Swifty-Companion-Info.plist"; sourceTree = SOURCE_ROOT; };
		D3237CA827AA808800A67E20 /* Config.xcconfig */ = {isa = PBXFileReference; lastKnownFileType = text.xcconfig; path = Config.xcconfig; sourceTree = "<group>"; };
		D34F7CBE27BC3F20004FB8A4 /* Proxima-Soft-Bold.otf */ = {isa = PBXFileReference; lastKnownFileType = file; path = "Proxima-Soft-Bold.otf"; sourceTree = "<group>"; };
		D34F7CBF27BC3F20004FB8A4 /* Proxima-Soft-Regular.otf */ = {isa = PBXFileReference; lastKnownFileType = file; path = "Proxima-Soft-Regular.otf"; sourceTree = "<group>"; };
		D3B6D27A27D7F4D000DB0C86 /* NetworkService.swift */ = {isa = PBXFileReference; lastKnownFileType = sourcecode.swift; path = NetworkService.swift; sourceTree = "<group>"; usesTabs = 1; };
		D3B6D27C27D7F51200DB0C86 /* Styles.swift */ = {isa = PBXFileReference; lastKnownFileType = sourcecode.swift; path = Styles.swift; sourceTree = "<group>"; };
		D3B6D27E27D8BE1B00DB0C86 /* UserDetailView.swift */ = {isa = PBXFileReference; lastKnownFileType = sourcecode.swift; path = UserDetailView.swift; sourceTree = "<group>"; };
/* End PBXFileReference section */

/* Begin PBXFrameworksBuildPhase section */
		D3237C9327AA805000A67E20 /* Frameworks */ = {
			isa = PBXFrameworksBuildPhase;
			buildActionMask = 2147483647;
			files = (
				D3EA9D632806D92900736C7C /* OAuth2 in Frameworks */,
			);
			runOnlyForDeploymentPostprocessing = 0;
		};
/* End PBXFrameworksBuildPhase section */

/* Begin PBXGroup section */
		D31E43722806F6C600685A47 /* Network */ = {
			isa = PBXGroup;
			children = (
				D3B6D27A27D7F4D000DB0C86 /* NetworkService.swift */,
				D31E43732806F6D600685A47 /* Throwable.swift */,
			);
			path = Network;
			sourceTree = "<group>";
		};
		D31E437B2808073D00685A47 /* SearchUsers */ = {
			isa = PBXGroup;
			children = (
				D3237C9B27AA805000A67E20 /* SearchUsersView.swift */,
				D31E437C2808075300685A47 /* SearchUsersViewModel.swift */,
				D31E4381280807FD00685A47 /* SearchUsersDataStructures.swift */,
			);
			path = SearchUsers;
			sourceTree = "<group>";
		};
		D31E437E2808079000685A47 /* UserDetailView */ = {
			isa = PBXGroup;
			children = (
				D3B6D27E27D8BE1B00DB0C86 /* UserDetailView.swift */,
				D31E437F280807A100685A47 /* UserDetailViewModel.swift */,
				D31E43862808141900685A47 /* UserDetailDataStructures.swift */,
			);
			path = UserDetailView;
			sourceTree = "<group>";
		};
		D3237C8D27AA805000A67E20 = {
			isa = PBXGroup;
			children = (
				D3237CA827AA808800A67E20 /* Config.xcconfig */,
				D3237C9827AA805000A67E20 /* Swifty Companion */,
				D3237C9727AA805000A67E20 /* Products */,
			);
			sourceTree = "<group>";
		};
		D3237C9727AA805000A67E20 /* Products */ = {
			isa = PBXGroup;
			children = (
				D3237C9627AA805000A67E20 /* Swifty Companion.app */,
			);
			name = Products;
			sourceTree = "<group>";
		};
		D3237C9827AA805000A67E20 /* Swifty Companion */ = {
			isa = PBXGroup;
			children = (
				D3B6D27927D7F49400DB0C86 /* Main */,
				D34F7CB927BC3C2B004FB8A4 /* Fonts */,
				D3237CA727AA807100A67E20 /* Swifty-Companion-Info.plist */,
				D3237C9D27AA805200A67E20 /* Assets.xcassets */,
				D3237C9F27AA805200A67E20 /* Preview Content */,
			);
			path = "Swifty Companion";
			sourceTree = "<group>";
		};
		D3237C9F27AA805200A67E20 /* Preview Content */ = {
			isa = PBXGroup;
			children = (
				D3237CA027AA805200A67E20 /* Preview Assets.xcassets */,
			);
			path = "Preview Content";
			sourceTree = "<group>";
		};
		D34F7CB927BC3C2B004FB8A4 /* Fonts */ = {
			isa = PBXGroup;
			children = (
				D34F7CBE27BC3F20004FB8A4 /* Proxima-Soft-Bold.otf */,
				D34F7CBF27BC3F20004FB8A4 /* Proxima-Soft-Regular.otf */,
			);
			path = Fonts;
			sourceTree = "<group>";
		};
		D3B6D27927D7F49400DB0C86 /* Main */ = {
			isa = PBXGroup;
			children = (
				D31E43722806F6C600685A47 /* Network */,
				D3B6D28027D8BE2700DB0C86 /* UI */,
				D31E43792807002800685A47 /* Extensions.swift */,
			);
			path = Main;
			sourceTree = "<group>";
		};
		D3B6D28027D8BE2700DB0C86 /* UI */ = {
			isa = PBXGroup;
			children = (
				D31E437B2808073D00685A47 /* SearchUsers */,
				D31E437E2808079000685A47 /* UserDetailView */,
				D3237C9927AA805000A67E20 /* Swifty_CompanionApp.swift */,
				D3B6D27C27D7F51200DB0C86 /* Styles.swift */,
			);
			path = UI;
			sourceTree = "<group>";
		};
/* End PBXGroup section */

/* Begin PBXNativeTarget section */
		D3237C9527AA805000A67E20 /* Swifty Companion */ = {
			isa = PBXNativeTarget;
			buildConfigurationList = D3237CA427AA805200A67E20 /* Build configuration list for PBXNativeTarget "Swifty Companion" */;
			buildPhases = (
				D3237C9227AA805000A67E20 /* Sources */,
				D3237C9327AA805000A67E20 /* Frameworks */,
				D3237C9427AA805000A67E20 /* Resources */,
			);
			buildRules = (
			);
			dependencies = (
			);
			name = "Swifty Companion";
			packageProductDependencies = (
				D3EA9D622806D92900736C7C /* OAuth2 */,
			);
			productName = "Swifty Companion";
			productReference = D3237C9627AA805000A67E20 /* Swifty Companion.app */;
			productType = "com.apple.product-type.application";
		};
/* End PBXNativeTarget section */

/* Begin PBXProject section */
		D3237C8E27AA805000A67E20 /* Project object */ = {
			isa = PBXProject;
			attributes = {
				BuildIndependentTargetsInParallel = 1;
				LastSwiftUpdateCheck = 1310;
				LastUpgradeCheck = 1310;
				TargetAttributes = {
					D3237C9527AA805000A67E20 = {
						CreatedOnToolsVersion = 13.1;
					};
				};
			};
			buildConfigurationList = D3237C9127AA805000A67E20 /* Build configuration list for PBXProject "Swifty Companion" */;
			compatibilityVersion = "Xcode 13.0";
			developmentRegion = en;
			hasScannedForEncodings = 0;
			knownRegions = (
				en,
				Base,
			);
			mainGroup = D3237C8D27AA805000A67E20;
			packageReferences = (
				D3237CA927AA83D100A67E20 /* XCRemoteSwiftPackageReference "OAuth2" */,
				D3EA9D612806D92900736C7C /* XCRemoteSwiftPackageReference "OAuth2" */,
			);
			productRefGroup = D3237C9727AA805000A67E20 /* Products */;
			projectDirPath = "";
			projectRoot = "";
			targets = (
				D3237C9527AA805000A67E20 /* Swifty Companion */,
			);
		};
/* End PBXProject section */

/* Begin PBXResourcesBuildPhase section */
		D3237C9427AA805000A67E20 /* Resources */ = {
			isa = PBXResourcesBuildPhase;
			buildActionMask = 2147483647;
			files = (
				D3237CA127AA805200A67E20 /* Preview Assets.xcassets in Resources */,
				D34F7CC027BC3F20004FB8A4 /* Proxima-Soft-Bold.otf in Resources */,
				D3237C9E27AA805200A67E20 /* Assets.xcassets in Resources */,
				D34F7CC127BC3F20004FB8A4 /* Proxima-Soft-Regular.otf in Resources */,
			);
			runOnlyForDeploymentPostprocessing = 0;
		};
/* End PBXResourcesBuildPhase section */

/* Begin PBXSourcesBuildPhase section */
		D3237C9227AA805000A67E20 /* Sources */ = {
			isa = PBXSourcesBuildPhase;
			buildActionMask = 2147483647;
			files = (
				D31E4380280807A100685A47 /* UserDetailViewModel.swift in Sources */,
				D31E4382280807FD00685A47 /* SearchUsersDataStructures.swift in Sources */,
				D3237C9C27AA805000A67E20 /* SearchUsersView.swift in Sources */,
				D31E437D2808075300685A47 /* SearchUsersViewModel.swift in Sources */,
				D3B6D27B27D7F4D000DB0C86 /* NetworkService.swift in Sources */,
				D3237C9A27AA805000A67E20 /* Swifty_CompanionApp.swift in Sources */,
				D31E43872808141900685A47 /* UserDetailDataStructures.swift in Sources */,
				D3B6D27F27D8BE1B00DB0C86 /* UserDetailView.swift in Sources */,
				D31E43742806F6D600685A47 /* Throwable.swift in Sources */,
				D3B6D27D27D7F51200DB0C86 /* Styles.swift in Sources */,
				D31E437A2807002800685A47 /* Extensions.swift in Sources */,
			);
			runOnlyForDeploymentPostprocessing = 0;
		};
/* End PBXSourcesBuildPhase section */

/* Begin XCBuildConfiguration section */
		D3237CA227AA805200A67E20 /* Debug */ = {
			isa = XCBuildConfiguration;
			baseConfigurationReference = D3237CA827AA808800A67E20 /* Config.xcconfig */;
			buildSettings = {
				ALWAYS_SEARCH_USER_PATHS = NO;
				CLANG_ANALYZER_NONNULL = YES;
				CLANG_ANALYZER_NUMBER_OBJECT_CONVERSION = YES_AGGRESSIVE;
				CLANG_CXX_LANGUAGE_STANDARD = "gnu++17";
				CLANG_CXX_LIBRARY = "libc++";
				CLANG_ENABLE_MODULES = YES;
				CLANG_ENABLE_OBJC_ARC = YES;
				CLANG_ENABLE_OBJC_WEAK = YES;
				CLANG_WARN_BLOCK_CAPTURE_AUTORELEASING = YES;
				CLANG_WARN_BOOL_CONVERSION = YES;
				CLANG_WARN_COMMA = YES;
				CLANG_WARN_CONSTANT_CONVERSION = YES;
				CLANG_WARN_DEPRECATED_OBJC_IMPLEMENTATIONS = YES;
				CLANG_WARN_DIRECT_OBJC_ISA_USAGE = YES_ERROR;
				CLANG_WARN_DOCUMENTATION_COMMENTS = YES;
				CLANG_WARN_EMPTY_BODY = YES;
				CLANG_WARN_ENUM_CONVERSION = YES;
				CLANG_WARN_INFINITE_RECURSION = YES;
				CLANG_WARN_INT_CONVERSION = YES;
				CLANG_WARN_NON_LITERAL_NULL_CONVERSION = YES;
				CLANG_WARN_OBJC_IMPLICIT_RETAIN_SELF = YES;
				CLANG_WARN_OBJC_LITERAL_CONVERSION = YES;
				CLANG_WARN_OBJC_ROOT_CLASS = YES_ERROR;
				CLANG_WARN_QUOTED_INCLUDE_IN_FRAMEWORK_HEADER = YES;
				CLANG_WARN_RANGE_LOOP_ANALYSIS = YES;
				CLANG_WARN_STRICT_PROTOTYPES = YES;
				CLANG_WARN_SUSPICIOUS_MOVE = YES;
				CLANG_WARN_UNGUARDED_AVAILABILITY = YES_AGGRESSIVE;
				CLANG_WARN_UNREACHABLE_CODE = YES;
				CLANG_WARN__DUPLICATE_METHOD_MATCH = YES;
				COPY_PHASE_STRIP = NO;
				DEBUG_INFORMATION_FORMAT = dwarf;
				ENABLE_STRICT_OBJC_MSGSEND = YES;
				ENABLE_TESTABILITY = YES;
				GCC_C_LANGUAGE_STANDARD = gnu11;
				GCC_DYNAMIC_NO_PIC = NO;
				GCC_NO_COMMON_BLOCKS = YES;
				GCC_OPTIMIZATION_LEVEL = 0;
				GCC_PREPROCESSOR_DEFINITIONS = (
					"DEBUG=1",
					"$(inherited)",
				);
				GCC_WARN_64_TO_32_BIT_CONVERSION = YES;
				GCC_WARN_ABOUT_RETURN_TYPE = YES_ERROR;
				GCC_WARN_UNDECLARED_SELECTOR = YES;
				GCC_WARN_UNINITIALIZED_AUTOS = YES_AGGRESSIVE;
				GCC_WARN_UNUSED_FUNCTION = YES;
				GCC_WARN_UNUSED_VARIABLE = YES;
				IPHONEOS_DEPLOYMENT_TARGET = 15.0;
				MTL_ENABLE_DEBUG_INFO = INCLUDE_SOURCE;
				MTL_FAST_MATH = YES;
				ONLY_ACTIVE_ARCH = YES;
				SDKROOT = iphoneos;
				SWIFT_ACTIVE_COMPILATION_CONDITIONS = DEBUG;
				SWIFT_OPTIMIZATION_LEVEL = "-Onone";
			};
			name = Debug;
		};
		D3237CA327AA805200A67E20 /* Release */ = {
			isa = XCBuildConfiguration;
			baseConfigurationReference = D3237CA827AA808800A67E20 /* Config.xcconfig */;
			buildSettings = {
				ALWAYS_SEARCH_USER_PATHS = NO;
				CLANG_ANALYZER_NONNULL = YES;
				CLANG_ANALYZER_NUMBER_OBJECT_CONVERSION = YES_AGGRESSIVE;
				CLANG_CXX_LANGUAGE_STANDARD = "gnu++17";
				CLANG_CXX_LIBRARY = "libc++";
				CLANG_ENABLE_MODULES = YES;
				CLANG_ENABLE_OBJC_ARC = YES;
				CLANG_ENABLE_OBJC_WEAK = YES;
				CLANG_WARN_BLOCK_CAPTURE_AUTORELEASING = YES;
				CLANG_WARN_BOOL_CONVERSION = YES;
				CLANG_WARN_COMMA = YES;
				CLANG_WARN_CONSTANT_CONVERSION = YES;
				CLANG_WARN_DEPRECATED_OBJC_IMPLEMENTATIONS = YES;
				CLANG_WARN_DIRECT_OBJC_ISA_USAGE = YES_ERROR;
				CLANG_WARN_DOCUMENTATION_COMMENTS = YES;
				CLANG_WARN_EMPTY_BODY = YES;
				CLANG_WARN_ENUM_CONVERSION = YES;
				CLANG_WARN_INFINITE_RECURSION = YES;
				CLANG_WARN_INT_CONVERSION = YES;
				CLANG_WARN_NON_LITERAL_NULL_CONVERSION = YES;
				CLANG_WARN_OBJC_IMPLICIT_RETAIN_SELF = YES;
				CLANG_WARN_OBJC_LITERAL_CONVERSION = YES;
				CLANG_WARN_OBJC_ROOT_CLASS = YES_ERROR;
				CLANG_WARN_QUOTED_INCLUDE_IN_FRAMEWORK_HEADER = YES;
				CLANG_WARN_RANGE_LOOP_ANALYSIS = YES;
				CLANG_WARN_STRICT_PROTOTYPES = YES;
				CLANG_WARN_SUSPICIOUS_MOVE = YES;
				CLANG_WARN_UNGUARDED_AVAILABILITY = YES_AGGRESSIVE;
				CLANG_WARN_UNREACHABLE_CODE = YES;
				CLANG_WARN__DUPLICATE_METHOD_MATCH = YES;
				COPY_PHASE_STRIP = NO;
				DEBUG_INFORMATION_FORMAT = "dwarf-with-dsym";
				ENABLE_NS_ASSERTIONS = NO;
				ENABLE_STRICT_OBJC_MSGSEND = YES;
				GCC_C_LANGUAGE_STANDARD = gnu11;
				GCC_NO_COMMON_BLOCKS = YES;
				GCC_WARN_64_TO_32_BIT_CONVERSION = YES;
				GCC_WARN_ABOUT_RETURN_TYPE = YES_ERROR;
				GCC_WARN_UNDECLARED_SELECTOR = YES;
				GCC_WARN_UNINITIALIZED_AUTOS = YES_AGGRESSIVE;
				GCC_WARN_UNUSED_FUNCTION = YES;
				GCC_WARN_UNUSED_VARIABLE = YES;
				IPHONEOS_DEPLOYMENT_TARGET = 15.0;
				MTL_ENABLE_DEBUG_INFO = NO;
				MTL_FAST_MATH = YES;
				SDKROOT = iphoneos;
				SWIFT_COMPILATION_MODE = wholemodule;
				SWIFT_OPTIMIZATION_LEVEL = "-O";
				VALIDATE_PRODUCT = YES;
			};
			name = Release;
		};
		D3237CA527AA805200A67E20 /* Debug */ = {
			isa = XCBuildConfiguration;
			buildSettings = {
				ASSETCATALOG_COMPILER_APPICON_NAME = AppIcon;
				ASSETCATALOG_COMPILER_GLOBAL_ACCENT_COLOR_NAME = AccentColor;
				CODE_SIGN_STYLE = Automatic;
				CURRENT_PROJECT_VERSION = 1;
				DEVELOPMENT_ASSET_PATHS = "\"Swifty Companion/Preview Content\"";
				DEVELOPMENT_TEAM = 9TGM2X4VQU;
				ENABLE_PREVIEWS = YES;
				GENERATE_INFOPLIST_FILE = YES;
				INFOPLIST_FILE = "Swifty-Companion-Info.plist";
				INFOPLIST_KEY_UIApplicationSceneManifest_Generation = YES;
				INFOPLIST_KEY_UIApplicationSupportsIndirectInputEvents = YES;
				INFOPLIST_KEY_UILaunchScreen_Generation = YES;
				INFOPLIST_KEY_UISupportedInterfaceOrientations = UIInterfaceOrientationPortrait;
				INFOPLIST_KEY_UISupportedInterfaceOrientations_iPad = "UIInterfaceOrientationPortrait UIInterfaceOrientationPortraitUpsideDown UIInterfaceOrientationLandscapeLeft UIInterfaceOrientationLandscapeRight";
				INFOPLIST_KEY_UISupportedInterfaceOrientations_iPhone = UIInterfaceOrientationPortrait;
				INFOPLIST_KEY_UIUserInterfaceStyle = Light;
				LD_RUNPATH_SEARCH_PATHS = (
					"$(inherited)",
					"@executable_path/Frameworks",
				);
				MARKETING_VERSION = 1.0;
				PRODUCT_BUNDLE_IDENTIFIER = "school21-projects.Swifty-Companion";
				PRODUCT_NAME = "$(TARGET_NAME)";
				SWIFT_EMIT_LOC_STRINGS = YES;
				SWIFT_VERSION = 5.0;
				TARGETED_DEVICE_FAMILY = 1;
			};
			name = Debug;
		};
		D3237CA627AA805200A67E20 /* Release */ = {
			isa = XCBuildConfiguration;
			buildSettings = {
				ASSETCATALOG_COMPILER_APPICON_NAME = AppIcon;
				ASSETCATALOG_COMPILER_GLOBAL_ACCENT_COLOR_NAME = AccentColor;
				CODE_SIGN_STYLE = Automatic;
				CURRENT_PROJECT_VERSION = 1;
				DEVELOPMENT_ASSET_PATHS = "\"Swifty Companion/Preview Content\"";
				DEVELOPMENT_TEAM = 9TGM2X4VQU;
				ENABLE_PREVIEWS = YES;
				GENERATE_INFOPLIST_FILE = YES;
				INFOPLIST_FILE = "Swifty-Companion-Info.plist";
				INFOPLIST_KEY_UIApplicationSceneManifest_Generation = YES;
				INFOPLIST_KEY_UIApplicationSupportsIndirectInputEvents = YES;
				INFOPLIST_KEY_UILaunchScreen_Generation = YES;
				INFOPLIST_KEY_UISupportedInterfaceOrientations = UIInterfaceOrientationPortrait;
				INFOPLIST_KEY_UISupportedInterfaceOrientations_iPad = "UIInterfaceOrientationPortrait UIInterfaceOrientationPortraitUpsideDown UIInterfaceOrientationLandscapeLeft UIInterfaceOrientationLandscapeRight";
				INFOPLIST_KEY_UISupportedInterfaceOrientations_iPhone = UIInterfaceOrientationPortrait;
				INFOPLIST_KEY_UIUserInterfaceStyle = Light;
				LD_RUNPATH_SEARCH_PATHS = (
					"$(inherited)",
					"@executable_path/Frameworks",
				);
				MARKETING_VERSION = 1.0;
				PRODUCT_BUNDLE_IDENTIFIER = "school21-projects.Swifty-Companion";
				PRODUCT_NAME = "$(TARGET_NAME)";
				SWIFT_EMIT_LOC_STRINGS = YES;
				SWIFT_VERSION = 5.0;
				TARGETED_DEVICE_FAMILY = 1;
			};
			name = Release;
		};
/* End XCBuildConfiguration section */

/* Begin XCConfigurationList section */
		D3237C9127AA805000A67E20 /* Build configuration list for PBXProject "Swifty Companion" */ = {
			isa = XCConfigurationList;
			buildConfigurations = (
				D3237CA227AA805200A67E20 /* Debug */,
				D3237CA327AA805200A67E20 /* Release */,
			);
			defaultConfigurationIsVisible = 0;
			defaultConfigurationName = Release;
		};
		D3237CA427AA805200A67E20 /* Build configuration list for PBXNativeTarget "Swifty Companion" */ = {
			isa = XCConfigurationList;
			buildConfigurations = (
				D3237CA527AA805200A67E20 /* Debug */,
				D3237CA627AA805200A67E20 /* Release */,
			);
			defaultConfigurationIsVisible = 0;
			defaultConfigurationName = Release;
		};
/* End XCConfigurationList section */

/* Begin XCRemoteSwiftPackageReference section */
		D3237CA927AA83D100A67E20 /* XCRemoteSwiftPackageReference "OAuth2" */ = {
			isa = XCRemoteSwiftPackageReference;
			repositoryURL = "https://github.com/p2/OAuth2.git";
			requirement = {
				kind = exactVersion;
				version = 5.2.0;
			};
		};
		D3EA9D612806D92900736C7C /* XCRemoteSwiftPackageReference "OAuth2" */ = {
			isa = XCRemoteSwiftPackageReference;
			repositoryURL = "https://github.com/p2/OAuth2.git";
			requirement = {
				kind = upToNextMajorVersion;
				minimumVersion = 5.2.0;
			};
		};
/* End XCRemoteSwiftPackageReference section */

/* Begin XCSwiftPackageProductDependency section */
		D3EA9D622806D92900736C7C /* OAuth2 */ = {
			isa = XCSwiftPackageProductDependency;
			package = D3EA9D612806D92900736C7C /* XCRemoteSwiftPackageReference "OAuth2" */;
			productName = OAuth2;
		};
/* End XCSwiftPackageProductDependency section */
	};
	rootObject = D3237C8E27AA805000A67E20 /* Project object */;
}
